
Microsoft Visual Studio Solution File, Format Version 12.00
# Visual Studio Version 17
VisualStudioVersion = 17.4.33205.214
MinimumVisualStudioVersion = 10.0.40219.1
Project("{FAE04EC0-301F-11D3-BF4B-00C04F79EFBC}") = "Calculator_v3", "Calculator_v3.csproj", "{BA1DD036-1B5A-4597-BB86-DE4AB5960F9F}"
EndProject
Global
	GlobalSection(SolutionConfigurationPlatforms) = preSolution
		Debug|Any CPU = Debug|Any CPU
		Release|Any CPU = Release|Any CPU
	EndGlobalSection
	GlobalSection(ProjectConfigurationPlatforms) = postSolution
		{BA1DD036-1B5A-4597-BB86-DE4AB5960F9F}.Debug|Any CPU.ActiveCfg = Debug|Any CPU
		{BA1DD036-1B5A-4597-BB86-DE4AB5960F9F}.Debug|Any CPU.Build.0 = Debug|Any CPU
		{BA1DD036-1B5A-4597-BB86-DE4AB5960F9F}.Release|Any CPU.ActiveCfg = Release|Any CPU
		{BA1DD036-1B5A-4597-BB86-DE4AB5960F9F}.Release|Any CPU.Build.0 = Release|Any CPU
	EndGlobalSection
	GlobalSection(SolutionProperties) = preSolution
		HideSolutionNode = FALSE
	EndGlobalSection
	GlobalSection(ExtensibilityGlobals) = postSolution
		SolutionGuid = {7A133DAF-2477-4F82-9AAC-FAA40F9DDA44}
	EndGlobalSection
EndGlobal
